// !$*UTF8*$!
{
	archiveVersion = 1;
	classes = {
	};
	objectVersion = 46;
	objects = {

/* Begin PBXBuildFile section */
		923703171DDE31400042132A /* video.mp4 in Resources */ = {isa = PBXBuildFile; fileRef = 923703161DDE31400042132A /* video.mp4 */; };
		92E559241DDC953700240158 /* AppDelegate.swift in Sources */ = {isa = PBXBuildFile; fileRef = 92E559231DDC953700240158 /* AppDelegate.swift */; };
		92E559261DDC953700240158 /* CalendarNotificationViewController.swift in Sources */ = {isa = PBXBuildFile; fileRef = 92E559251DDC953700240158 /* CalendarNotificationViewController.swift */; };
		92E559291DDC953700240158 /* Main.storyboard in Resources */ = {isa = PBXBuildFile; fileRef = 92E559271DDC953700240158 /* Main.storyboard */; };
		92E5592B1DDC953700240158 /* Assets.xcassets in Resources */ = {isa = PBXBuildFile; fileRef = 92E5592A1DDC953700240158 /* Assets.xcassets */; };
		92E5592E1DDC953700240158 /* LaunchScreen.storyboard in Resources */ = {isa = PBXBuildFile; fileRef = 92E5592C1DDC953700240158 /* LaunchScreen.storyboard */; };
		92E559391DDD039400240158 /* image.png in Resources */ = {isa = PBXBuildFile; fileRef = 92E559381DDD039400240158 /* image.png */; };
		92E5593D1DDD1E0C00240158 /* ring.m4r in Resources */ = {isa = PBXBuildFile; fileRef = 92E5593A1DDD1D4400240158 /* ring.m4r */; };
/* End PBXBuildFile section */

/* Begin PBXFileReference section */
		923703161DDE31400042132A /* video.mp4 */ = {isa = PBXFileReference; lastKnownFileType = file; path = video.mp4; sourceTree = "<group>"; };
		92E559201DDC953700240158 /* LocalNotification.app */ = {isa = PBXFileReference; explicitFileType = wrapper.application; includeInIndex = 0; path = LocalNotification.app; sourceTree = BUILT_PRODUCTS_DIR; };
		92E559231DDC953700240158 /* AppDelegate.swift */ = {isa = PBXFileReference; lastKnownFileType = sourcecode.swift; path = AppDelegate.swift; sourceTree = "<group>"; };
		92E559251DDC953700240158 /* CalendarNotificationViewController.swift */ = {isa = PBXFileReference; lastKnownFileType = sourcecode.swift; path = CalendarNotificationViewController.swift; sourceTree = "<group>"; };
		92E559281DDC953700240158 /* Base */ = {isa = PBXFileReference; lastKnownFileType = file.storyboard; name = Base; path = Base.lproj/Main.storyboard; sourceTree = "<group>"; };
		92E5592A1DDC953700240158 /* Assets.xcassets */ = {isa = PBXFileReference; lastKnownFileType = folder.assetcatalog; path = Assets.xcassets; sourceTree = "<group>"; };
		92E5592D1DDC953700240158 /* Base */ = {isa = PBXFileReference; lastKnownFileType = file.storyboard; name = Base; path = Base.lproj/LaunchScreen.storyboard; sourceTree = "<group>"; };
		92E5592F1DDC953700240158 /* Info.plist */ = {isa = PBXFileReference; lastKnownFileType = text.plist.xml; path = Info.plist; sourceTree = "<group>"; };
		92E559351DDCC5EC00240158 /* LocalNotification.entitlements */ = {isa = PBXFileReference; lastKnownFileType = text.plist.entitlements; path = LocalNotification.entitlements; sourceTree = "<group>"; };
		92E559381DDD039400240158 /* image.png */ = {isa = PBXFileReference; lastKnownFileType = image.png; path = image.png; sourceTree = "<group>"; };
		92E5593A1DDD1D4400240158 /* ring.m4r */ = {isa = PBXFileReference; lastKnownFileType = file; path = ring.m4r; sourceTree = "<group>"; };
/* End PBXFileReference section */

/* Begin PBXFrameworksBuildPhase section */
		92E5591D1DDC953700240158 /* Frameworks */ = {
			isa = PBXFrameworksBuildPhase;
			buildActionMask = 2147483647;
			files = (
			);
			runOnlyForDeploymentPostprocessing = 0;
		};
/* End PBXFrameworksBuildPhase section */

/* Begin PBXGroup section */
		92E559171DDC953700240158 = {
			isa = PBXGroup;
			children = (
				92E559221DDC953700240158 /* LocalNotification */,
				92E559211DDC953700240158 /* Products */,
			);
			sourceTree = "<group>";
		};
		92E559211DDC953700240158 /* Products */ = {
			isa = PBXGroup;
			children = (
				92E559201DDC953700240158 /* LocalNotification.app */,
			);
			name = Products;
			sourceTree = "<group>";
		};
		92E559221DDC953700240158 /* LocalNotification */ = {
			isa = PBXGroup;
			children = (
				92E559351DDCC5EC00240158 /* LocalNotification.entitlements */,
				92E559231DDC953700240158 /* AppDelegate.swift */,
				92E559251DDC953700240158 /* CalendarNotificationViewController.swift */,
				92E559271DDC953700240158 /* Main.storyboard */,
				92E559381DDD039400240158 /* image.png */,
				92E5593A1DDD1D4400240158 /* ring.m4r */,
				923703161DDE31400042132A /* video.mp4 */,
				92E5592A1DDC953700240158 /* Assets.xcassets */,
				92E5592C1DDC953700240158 /* LaunchScreen.storyboard */,
				92E5592F1DDC953700240158 /* Info.plist */,
			);
			path = LocalNotification;
			sourceTree = "<group>";
		};
/* End PBXGroup section */

/* Begin PBXNativeTarget section */
		92E5591F1DDC953700240158 /* LocalNotification */ = {
			isa = PBXNativeTarget;
			buildConfigurationList = 92E559321DDC953700240158 /* Build configuration list for PBXNativeTarget "LocalNotification" */;
			buildPhases = (
				92E5591C1DDC953700240158 /* Sources */,
				92E5591D1DDC953700240158 /* Frameworks */,
				92E5591E1DDC953700240158 /* Resources */,
			);
			buildRules = (
			);
			dependencies = (
			);
			name = LocalNotification;
			productName = LocalNotification;
			productReference = 92E559201DDC953700240158 /* LocalNotification.app */;
			productType = "com.apple.product-type.application";
		};
/* End PBXNativeTarget section */

/* Begin PBXProject section */
		92E559181DDC953700240158 /* Project object */ = {
			isa = PBXProject;
			attributes = {
				LastSwiftUpdateCheck = 0810;
				LastUpgradeCheck = 1130;
				ORGANIZATIONNAME = br.mackenzie.MackMobile;
				TargetAttributes = {
					92E5591F1DDC953700240158 = {
						CreatedOnToolsVersion = 8.1;
						DevelopmentTeam = 34E95R7U23;
						ProvisioningStyle = Automatic;
						SystemCapabilities = {
							com.apple.Push = {
								enabled = 0;
							};
						};
					};
				};
			};
			buildConfigurationList = 92E5591B1DDC953700240158 /* Build configuration list for PBXProject "LocalNotification" */;
			compatibilityVersion = "Xcode 3.2";
			developmentRegion = en;
			hasScannedForEncodings = 0;
			knownRegions = (
				en,
				Base,
			);
			mainGroup = 92E559171DDC953700240158;
			productRefGroup = 92E559211DDC953700240158 /* Products */;
			projectDirPath = "";
			projectRoot = "";
			targets = (
				92E5591F1DDC953700240158 /* LocalNotification */,
			);
		};
/* End PBXProject section */

/* Begin PBXResourcesBuildPhase section */
		92E5591E1DDC953700240158 /* Resources */ = {
			isa = PBXResourcesBuildPhase;
			buildActionMask = 2147483647;
			files = (
				923703171DDE31400042132A /* video.mp4 in Resources */,
				92E5592E1DDC953700240158 /* LaunchScreen.storyboard in Resources */,
				92E5592B1DDC953700240158 /* Assets.xcassets in Resources */,
				92E559291DDC953700240158 /* Main.storyboard in Resources */,
				92E559391DDD039400240158 /* image.png in Resources */,
				92E5593D1DDD1E0C00240158 /* ring.m4r in Resources */,
			);
			runOnlyForDeploymentPostprocessing = 0;
		};
/* End PBXResourcesBuildPhase section */

/* Begin PBXSourcesBuildPhase section */
		92E5591C1DDC953700240158 /* Sources */ = {
			isa = PBXSourcesBuildPhase;
			buildActionMask = 2147483647;
			files = (
				92E559261DDC953700240158 /* CalendarNotificationViewController.swift in Sources */,
				92E559241DDC953700240158 /* AppDelegate.swift in Sources */,
			);
			runOnlyForDeploymentPostprocessing = 0;
		};
/* End PBXSourcesBuildPhase section */

/* Begin PBXVariantGroup section */
		92E559271DDC953700240158 /* Main.storyboard */ = {
			isa = PBXVariantGroup;
			children = (
				92E559281DDC953700240158 /* Base */,
			);
			name = Main.storyboard;
			sourceTree = "<group>";
		};
		92E5592C1DDC953700240158 /* LaunchScreen.storyboard */ = {
			isa = PBXVariantGroup;
			children = (
				92E5592D1DDC953700240158 /* Base */,
			);
			name = LaunchScreen.storyboard;
			sourceTree = "<group>";
		};
/* End PBXVariantGroup section */

/* Begin XCBuildConfiguration section */
		92E559301DDC953700240158 /* Debug */ = {
			isa = XCBuildConfiguration;
			buildSettings = {
				ALWAYS_SEARCH_USER_PATHS = NO;
				CLANG_ANALYZER_LOCALIZABILITY_NONLOCALIZED = YES;
				CLANG_ANALYZER_NONNULL = YES;
				CLANG_CXX_LANGUAGE_STANDARD = "gnu++0x";
				CLANG_CXX_LIBRARY = "libc++";
				CLANG_ENABLE_MODULES = YES;
				CLANG_ENABLE_OBJC_ARC = YES;
				CLANG_WARN_BLOCK_CAPTURE_AUTORELEASING = YES;
				CLANG_WARN_BOOL_CONVERSION = YES;
				CLANG_WARN_COMMA = YES;
				CLANG_WARN_CONSTANT_CONVERSION = YES;
				CLANG_WARN_DEPRECATED_OBJC_IMPLEMENTATIONS = YES;
				CLANG_WARN_DIRECT_OBJC_ISA_USAGE = YES_ERROR;
				CLANG_WARN_DOCUMENTATION_COMMENTS = YES;
				CLANG_WARN_EMPTY_BODY = YES;
				CLANG_WARN_ENUM_CONVERSION = YES;
				CLANG_WARN_INFINITE_RECURSION = YES;
				CLANG_WARN_INT_CONVERSION = YES;
				CLANG_WARN_NON_LITERAL_NULL_CONVERSION = YES;
				CLANG_WARN_OBJC_IMPLICIT_RETAIN_SELF = YES;
				CLANG_WARN_OBJC_LITERAL_CONVERSION = YES;
				CLANG_WARN_OBJC_ROOT_CLASS = YES_ERROR;
				CLANG_WARN_RANGE_LOOP_ANALYSIS = YES;
				CLANG_WARN_STRICT_PROTOTYPES = YES;
				CLANG_WARN_SUSPICIOUS_MOVE = YES;
				CLANG_WARN_SUSPICIOUS_MOVES = YES;
				CLANG_WARN_UNREACHABLE_CODE = YES;
				CLANG_WARN__DUPLICATE_METHOD_MATCH = YES;
				"CODE_SIGN_IDENTITY[sdk=iphoneos*]" = "iPhone Developer";
				COPY_PHASE_STRIP = NO;
				DEBUG_INFORMATION_FORMAT = dwarf;
				ENABLE_STRICT_OBJC_MSGSEND = YES;
				ENABLE_TESTABILITY = YES;
				GCC_C_LANGUAGE_STANDARD = gnu99;
				GCC_DYNAMIC_NO_PIC = NO;
				GCC_NO_COMMON_BLOCKS = YES;
				GCC_OPTIMIZATION_LEVEL = 0;
				GCC_PREPROCESSOR_DEFINITIONS = (
					"DEBUG=1",
					"$(inherited)",
				);
				GCC_WARN_64_TO_32_BIT_CONVERSION = YES;
				GCC_WARN_ABOUT_RETURN_TYPE = YES_ERROR;
				GCC_WARN_UNDECLARED_SELECTOR = YES;
				GCC_WARN_UNINITIALIZED_AUTOS = YES_AGGRESSIVE;
				GCC_WARN_UNUSED_FUNCTION = YES;
				GCC_WARN_UNUSED_VARIABLE = YES;
				IPHONEOS_DEPLOYMENT_TARGET = 10.1;
				MTL_ENABLE_DEBUG_INFO = YES;
				ONLY_ACTIVE_ARCH = YES;
				SDKROOT = iphoneos;
				SWIFT_ACTIVE_COMPILATION_CONDITIONS = DEBUG;
				SWIFT_OPTIMIZATION_LEVEL = "-Onone";
			};
			name = Debug;
		};
		92E559311DDC953700240158 /* Release */ = {
			isa = XCBuildConfiguration;
			buildSettings = {
				ALWAYS_SEARCH_USER_PATHS = NO;
				CLANG_ANALYZER_LOCALIZABILITY_NONLOCALIZED = YES;
				CLANG_ANALYZER_NONNULL = YES;
				CLANG_CXX_LANGUAGE_STANDARD = "gnu++0x";
				CLANG_CXX_LIBRARY = "libc++";
				CLANG_ENABLE_MODULES = YES;
				CLANG_ENABLE_OBJC_ARC = YES;
				CLANG_WARN_BLOCK_CAPTURE_AUTORELEASING = YES;
				CLANG_WARN_BOOL_CONVERSION = YES;
				CLANG_WARN_COMMA = YES;
				CLANG_WARN_CONSTANT_CONVERSION = YES;
				CLANG_WARN_DEPRECATED_OBJC_IMPLEMENTATIONS = YES;
				CLANG_WARN_DIRECT_OBJC_ISA_USAGE = YES_ERROR;
				CLANG_WARN_DOCUMENTATION_COMMENTS = YES;
				CLANG_WARN_EMPTY_BODY = YES;
				CLANG_WARN_ENUM_CONVERSION = YES;
				CLANG_WARN_INFINITE_RECURSION = YES;
				CLANG_WARN_INT_CONVERSION = YES;
				CLANG_WARN_NON_LITERAL_NULL_CONVERSION = YES;
				CLANG_WARN_OBJC_IMPLICIT_RETAIN_SELF = YES;
				CLANG_WARN_OBJC_LITERAL_CONVERSION = YES;
				CLANG_WARN_OBJC_ROOT_CLASS = YES_ERROR;
				CLANG_WARN_RANGE_LOOP_ANALYSIS = YES;
				CLANG_WARN_STRICT_PROTOTYPES = YES;
				CLANG_WARN_SUSPICIOUS_MOVE = YES;
				CLANG_WARN_SUSPICIOUS_MOVES = YES;
				CLANG_WARN_UNREACHABLE_CODE = YES;
				CLANG_WARN__DUPLICATE_METHOD_MATCH = YES;
				"CODE_SIGN_IDENTITY[sdk=iphoneos*]" = "iPhone Developer";
				COPY_PHASE_STRIP = NO;
				DEBUG_INFORMATION_FORMAT = "dwarf-with-dsym";
				ENABLE_NS_ASSERTIONS = NO;
				ENABLE_STRICT_OBJC_MSGSEND = YES;
				GCC_C_LANGUAGE_STANDARD = gnu99;
				GCC_NO_COMMON_BLOCKS = YES;
				GCC_WARN_64_TO_32_BIT_CONVERSION = YES;
				GCC_WARN_ABOUT_RETURN_TYPE = YES_ERROR;
				GCC_WARN_UNDECLARED_SELECTOR = YES;
				GCC_WARN_UNINITIALIZED_AUTOS = YES_AGGRESSIVE;
				GCC_WARN_UNUSED_FUNCTION = YES;
				GCC_WARN_UNUSED_VARIABLE = YES;
				IPHONEOS_DEPLOYMENT_TARGET = 10.1;
				MTL_ENABLE_DEBUG_INFO = NO;
				SDKROOT = iphoneos;
				SWIFT_OPTIMIZATION_LEVEL = "-Owholemodule";
				VALIDATE_PRODUCT = YES;
			};
			name = Release;
		};
		92E559331DDC953700240158 /* Debug */ = {
			isa = XCBuildConfiguration;
			buildSettings = {
				ASSETCATALOG_COMPILER_APPICON_NAME = AppIcon;
				DEVELOPMENT_TEAM = 34E95R7U23;
				INFOPLIST_FILE = LocalNotification/Info.plist;
				LD_RUNPATH_SEARCH_PATHS = "$(inherited) @executable_path/Frameworks";
				PRODUCT_BUNDLE_IDENTIFIER = academy.LocalNotification;
				PRODUCT_NAME = "$(TARGET_NAME)";
				SWIFT_VERSION = 5.0;
			};
			name = Debug;
		};
		92E559341DDC953700240158 /* Release */ = {
			isa = XCBuildConfiguration;
			buildSettings = {
				ASSETCATALOG_COMPILER_APPICON_NAME = AppIcon;
				DEVELOPMENT_TEAM = 34E95R7U23;
				INFOPLIST_FILE = LocalNotification/Info.plist;
				LD_RUNPATH_SEARCH_PATHS = "$(inherited) @executable_path/Frameworks";
				PRODUCT_BUNDLE_IDENTIFIER = academy.LocalNotification;
				PRODUCT_NAME = "$(TARGET_NAME)";
				SWIFT_VERSION = 5.0;
			};
			name = Release;
		};
/* End XCBuildConfiguration section */

/* Begin XCConfigurationList section */
		92E5591B1DDC953700240158 /* Build configuration list for PBXProject "LocalNotification" */ = {
			isa = XCConfigurationList;
			buildConfigurations = (
				92E559301DDC953700240158 /* Debug */,
				92E559311DDC953700240158 /* Release */,
			);
			defaultConfigurationIsVisible = 0;
			defaultConfigurationName = Release;
		};
		92E559321DDC953700240158 /* Build configuration list for PBXNativeTarget "LocalNotification" */ = {
			isa = XCConfigurationList;
			buildConfigurations = (
				92E559331DDC953700240158 /* Debug */,
				92E559341DDC953700240158 /* Release */,
			);
			defaultConfigurationIsVisible = 0;
			defaultConfigurationName = Release;
		};
/* End XCConfigurationList section */
	};
	rootObject = 92E559181DDC953700240158 /* Project object */;
}
